
Microsoft Visual Studio Solution File, Format Version 12.00
# Visual Studio Version 17
VisualStudioVersion = 17.0.31903.59
MinimumVisualStudioVersion = 10.0.40219.1
Project("{2150E333-8FDC-42A3-9474-1A3956D46DE8}") = "src", "src", "{35DB9C71-E71C-4A61-92F4-ED11A4417DCF}"
EndProject
Project("{FAE04EC0-301F-11D3-BF4B-00C04F79EFBC}") = "HeroRegistry.Domain", "src\HeroRegistry.Domain\HeroRegistry.Domain.csproj", "{6513DB3F-5D22-45BC-8B68-2C1B65834B6B}"
EndProject
Project("{FAE04EC0-301F-11D3-BF4B-00C04F79EFBC}") = "HeroRegistry.Application", "src\HeroRegistry.Application\HeroRegistry.Application.csproj", "{13923F57-B73A-463E-B10B-FFDBE63AA00D}"
EndProject
Project("{FAE04EC0-301F-11D3-BF4B-00C04F79EFBC}") = "HeroRegistry.Infrastructure", "src\HeroRegistry.Infrastructure\HeroRegistry.Infrastructure.csproj", "{FAC1993C-55AE-4426-ADD5-8250C5EAAE76}"
EndProject
Project("{FAE04EC0-301F-11D3-BF4B-00C04F79EFBC}") = "HeroRegistry.Api", "src\HeroRegistry.Api\HeroRegistry.Api.csproj", "{A40D7E3C-8A47-4744-93C5-F86BDD27AF0E}"
EndProject
Project("{2150E333-8FDC-42A3-9474-1A3956D46DE8}") = "tests", "tests", "{8C3BFAB8-CB0A-4534-B99C-AAEFC49CB1F3}"
EndProject
Project("{FAE04EC0-301F-11D3-BF4B-00C04F79EFBC}") = "HeroRegistry.Tests", "tests\HeroRegistry.Tests\HeroRegistry.Tests.csproj", "{EF74F596-553B-4E73-B695-5C9D9CF9A418}"
EndProject
Global
	GlobalSection(SolutionConfigurationPlatforms) = preSolution
		Debug|Any CPU = Debug|Any CPU
		Release|Any CPU = Release|Any CPU
	EndGlobalSection
	GlobalSection(SolutionProperties) = preSolution
		HideSolutionNode = FALSE
	EndGlobalSection
	GlobalSection(ProjectConfigurationPlatforms) = postSolution
		{6513DB3F-5D22-45BC-8B68-2C1B65834B6B}.Debug|Any CPU.ActiveCfg = Debug|Any CPU
		{6513DB3F-5D22-45BC-8B68-2C1B65834B6B}.Debug|Any CPU.Build.0 = Debug|Any CPU
		{6513DB3F-5D22-45BC-8B68-2C1B65834B6B}.Release|Any CPU.ActiveCfg = Release|Any CPU
		{6513DB3F-5D22-45BC-8B68-2C1B65834B6B}.Release|Any CPU.Build.0 = Release|Any CPU
		{13923F57-B73A-463E-B10B-FFDBE63AA00D}.Debug|Any CPU.ActiveCfg = Debug|Any CPU
		{13923F57-B73A-463E-B10B-FFDBE63AA00D}.Debug|Any CPU.Build.0 = Debug|Any CPU
		{13923F57-B73A-463E-B10B-FFDBE63AA00D}.Release|Any CPU.ActiveCfg = Release|Any CPU
		{13923F57-B73A-463E-B10B-FFDBE63AA00D}.Release|Any CPU.Build.0 = Release|Any CPU
		{FAC1993C-55AE-4426-ADD5-8250C5EAAE76}.Debug|Any CPU.ActiveCfg = Debug|Any CPU
		{FAC1993C-55AE-4426-ADD5-8250C5EAAE76}.Debug|Any CPU.Build.0 = Debug|Any CPU
		{FAC1993C-55AE-4426-ADD5-8250C5EAAE76}.Release|Any CPU.ActiveCfg = Release|Any CPU
		{FAC1993C-55AE-4426-ADD5-8250C5EAAE76}.Release|Any CPU.Build.0 = Release|Any CPU
		{A40D7E3C-8A47-4744-93C5-F86BDD27AF0E}.Debug|Any CPU.ActiveCfg = Debug|Any CPU
		{A40D7E3C-8A47-4744-93C5-F86BDD27AF0E}.Debug|Any CPU.Build.0 = Debug|Any CPU
		{A40D7E3C-8A47-4744-93C5-F86BDD27AF0E}.Release|Any CPU.ActiveCfg = Release|Any CPU
		{A40D7E3C-8A47-4744-93C5-F86BDD27AF0E}.Release|Any CPU.Build.0 = Release|Any CPU
		{EF74F596-553B-4E73-B695-5C9D9CF9A418}.Debug|Any CPU.ActiveCfg = Debug|Any CPU
		{EF74F596-553B-4E73-B695-5C9D9CF9A418}.Debug|Any CPU.Build.0 = Debug|Any CPU
		{EF74F596-553B-4E73-B695-5C9D9CF9A418}.Release|Any CPU.ActiveCfg = Release|Any CPU
		{EF74F596-553B-4E73-B695-5C9D9CF9A418}.Release|Any CPU.Build.0 = Release|Any CPU
	EndGlobalSection
	GlobalSection(NestedProjects) = preSolution
		{6513DB3F-5D22-45BC-8B68-2C1B65834B6B} = {35DB9C71-E71C-4A61-92F4-ED11A4417DCF}
		{13923F57-B73A-463E-B10B-FFDBE63AA00D} = {35DB9C71-E71C-4A61-92F4-ED11A4417DCF}
		{FAC1993C-55AE-4426-ADD5-8250C5EAAE76} = {35DB9C71-E71C-4A61-92F4-ED11A4417DCF}
		{A40D7E3C-8A47-4744-93C5-F86BDD27AF0E} = {35DB9C71-E71C-4A61-92F4-ED11A4417DCF}
		{EF74F596-553B-4E73-B695-5C9D9CF9A418} = {8C3BFAB8-CB0A-4534-B99C-AAEFC49CB1F3}
	EndGlobalSection
EndGlobal
